# THIS IS AN AUTOGENERATED FILE. DO NOT EDIT THIS FILE DIRECTLY.
# yarn lockfile v1


"@types/codemirror@0.0.108":
  version "0.0.108"
  resolved "https://registry.npmmirror.com/@types/codemirror/-/codemirror-0.0.108.tgz#e640422b666bf49251b384c390cdeb2362585bde"
  integrity sha512-3FGFcus0P7C2UOGCNUVENqObEb4SFk+S8Dnxq7K6aIsLVs/vDtlangl3PEO0ykaKXyK56swVF6Nho7VsA44uhw==
  dependencies:
    "@types/tern" "*"

"@types/estree@*":
  version "0.0.51"
  resolved "https://registry.npmmirror.com/@types/estree/-/estree-0.0.51.tgz#cfd70924a25a3fd32b218e5e420e6897e1ac4f40"
  integrity sha512-CuPgU6f3eT/XgKKPqKd/gLZV1Xmvf1a2R5POBOGQa6uv82xpls89HU5zKeVoyR8XzHd1RGNOlQlvUe3CFkjWNQ==

"@types/node@^16.11.6":
  version "16.11.41"
  resolved "https://registry.npmmirror.com/@types/node/-/node-16.11.41.tgz#88eb485b1bfdb4c224d878b7832239536aa2f813"
  integrity sha512-mqoYK2TnVjdkGk8qXAVGc/x9nSaTpSrFaGFm43BUH3IdoBV0nta6hYaGmdOvIMlbHJbUEVen3gvwpwovAZKNdQ==

"@types/tern@*":
  version "0.23.4"
  resolved "https://registry.npmmirror.com/@types/tern/-/tern-0.23.4.tgz#03926eb13dbeaf3ae0d390caf706b2643a0127fb"
  integrity sha512-JAUw1iXGO1qaWwEOzxTKJZ/5JxVeON9kvGZ/osgZaJImBnyjyn0cjovPsf6FNLmyGY8Vw9DoXZCMlfMkMwHRWg==
  dependencies:
    "@types/estree" "*"

builtin-modules@3.3.0:
  version "3.3.0"
  resolved "https://registry.npmmirror.com/builtin-modules/-/builtin-modules-3.3.0.tgz#cae62812b89801e9656336e46223e030386be7b6"
  integrity sha512-zhaCDicdLuWN5UbN5IMnFqNMhNfo919sH85y2/ea+5Yg9TsTkeZxpL+JLbp6cgYFS4sRLp3YV4S6yDuqVWHYOw==

esbuild-android-64@0.14.47:
  version "0.14.47"
  resolved "https://registry.npmmirror.com/esbuild-android-64/-/esbuild-android-64-0.14.47.tgz#ef95b42c67bcf4268c869153fa3ad1466c4cea6b"
  integrity sha512-R13Bd9+tqLVFndncMHssZrPWe6/0Kpv2/dt4aA69soX4PRxlzsVpCvoJeFE8sOEoeVEiBkI0myjlkDodXlHa0g==

esbuild-android-arm64@0.14.47:
  version "0.14.47"
  resolved "https://registry.npmmirror.com/esbuild-android-arm64/-/esbuild-android-arm64-0.14.47.tgz#4ebd7ce9fb250b4695faa3ee46fd3b0754ecd9e6"
  integrity sha512-OkwOjj7ts4lBp/TL6hdd8HftIzOy/pdtbrNA4+0oVWgGG64HrdVzAF5gxtJufAPOsEjkyh1oIYvKAUinKKQRSQ==

esbuild-darwin-64@0.14.47:
  version "0.14.47"
  resolved "https://registry.npmmirror.com/esbuild-darwin-64/-/esbuild-darwin-64-0.14.47.tgz#e0da6c244f497192f951807f003f6a423ed23188"
  integrity sha512-R6oaW0y5/u6Eccti/TS6c/2c1xYTb1izwK3gajJwi4vIfNs1s8B1dQzI1UiC9T61YovOQVuePDcfqHLT3mUZJA==

esbuild-darwin-arm64@0.14.47:
  version "0.14.47"
  resolved "https://registry.npmmirror.com/esbuild-darwin-arm64/-/esbuild-darwin-arm64-0.14.47.tgz#cd40fd49a672fca581ed202834239dfe540a9028"
  integrity sha512-seCmearlQyvdvM/noz1L9+qblC5vcBrhUaOoLEDDoLInF/VQ9IkobGiLlyTPYP5dW1YD4LXhtBgOyevoIHGGnw==

esbuild-freebsd-64@0.14.47:
  version "0.14.47"
  resolved "https://registry.npmmirror.com/esbuild-freebsd-64/-/esbuild-freebsd-64-0.14.47.tgz#8da6a14c095b29c01fc8087a16cb7906debc2d67"
  integrity sha512-ZH8K2Q8/Ux5kXXvQMDsJcxvkIwut69KVrYQhza/ptkW50DC089bCVrJZZ3sKzIoOx+YPTrmsZvqeZERjyYrlvQ==

esbuild-freebsd-arm64@0.14.47:
  version "0.14.47"
  resolved "https://registry.npmmirror.com/esbuild-freebsd-arm64/-/esbuild-freebsd-arm64-0.14.47.tgz#ad31f9c92817ff8f33fd253af7ab5122dc1b83f6"
  integrity sha512-ZJMQAJQsIOhn3XTm7MPQfCzEu5b9STNC+s90zMWe2afy9EwnHV7Ov7ohEMv2lyWlc2pjqLW8QJnz2r0KZmeAEQ==

esbuild-linux-32@0.14.47:
  version "0.14.47"
  resolved "https://registry.npmmirror.com/esbuild-linux-32/-/esbuild-linux-32-0.14.47.tgz#de085e4db2e692ea30c71208ccc23fdcf5196c58"
  integrity sha512-FxZOCKoEDPRYvq300lsWCTv1kcHgiiZfNrPtEhFAiqD7QZaXrad8LxyJ8fXGcWzIFzRiYZVtB3ttvITBvAFhKw==

esbuild-linux-64@0.14.47:
  version "0.14.47"
  resolved "https://registry.npmmirror.com/esbuild-linux-64/-/esbuild-linux-64-0.14.47.tgz#2a9321bbccb01f01b04cebfcfccbabeba3658ba1"
  integrity sha512-nFNOk9vWVfvWYF9YNYksZptgQAdstnDCMtR6m42l5Wfugbzu11VpMCY9XrD4yFxvPo9zmzcoUL/88y0lfJZJJw==

esbuild-linux-arm64@0.14.47:
  version "0.14.47"
  resolved "https://registry.npmmirror.com/esbuild-linux-arm64/-/esbuild-linux-arm64-0.14.47.tgz#b9da7b6fc4b0ca7a13363a0c5b7bb927e4bc535a"
  integrity sha512-ywfme6HVrhWcevzmsufjd4iT3PxTfCX9HOdxA7Hd+/ZM23Y9nXeb+vG6AyA6jgq/JovkcqRHcL9XwRNpWG6XRw==

esbuild-linux-arm@0.14.47:
  version "0.14.47"
  resolved "https://registry.npmmirror.com/esbuild-linux-arm/-/esbuild-linux-arm-0.14.47.tgz#56fec2a09b9561c337059d4af53625142aded853"
  integrity sha512-ZGE1Bqg/gPRXrBpgpvH81tQHpiaGxa8c9Rx/XOylkIl2ypLuOcawXEAo8ls+5DFCcRGt/o3sV+PzpAFZobOsmA==

esbuild-linux-mips64le@0.14.47:
  version "0.14.47"
  resolved "https://registry.npmmirror.com/esbuild-linux-mips64le/-/esbuild-linux-mips64le-0.14.47.tgz#9db21561f8f22ed79ef2aedb7bbef082b46cf823"
  integrity sha512-mg3D8YndZ1LvUiEdDYR3OsmeyAew4MA/dvaEJxvyygahWmpv1SlEEnhEZlhPokjsUMfRagzsEF/d/2XF+kTQGg==

esbuild-linux-ppc64le@0.14.47:
  version "0.14.47"
  resolved "https://registry.npmmirror.com/esbuild-linux-ppc64le/-/esbuild-linux-ppc64le-0.14.47.tgz#dc3a3da321222b11e96e50efafec9d2de408198b"
  integrity sha512-WER+f3+szmnZiWoK6AsrTKGoJoErG2LlauSmk73LEZFQ/iWC+KhhDsOkn1xBUpzXWsxN9THmQFltLoaFEH8F8w==

esbuild-linux-riscv64@0.14.47:
  version "0.14.47"
  resolved "https://registry.npmmirror.com/esbuild-linux-riscv64/-/esbuild-linux-riscv64-0.14.47.tgz#9bd6dcd3dca6c0357084ecd06e1d2d4bf105335f"
  integrity sha512-1fI6bP3A3rvI9BsaaXbMoaOjLE3lVkJtLxsgLHqlBhLlBVY7UqffWBvkrX/9zfPhhVMd9ZRFiaqXnB1T7BsL2g==

esbuild-linux-s390x@0.14.47:
  version "0.14.47"
  resolved "https://registry.npmmirror.com/esbuild-linux-s390x/-/esbuild-linux-s390x-0.14.47.tgz#a458af939b52f2cd32fc561410d441a51f69d41f"
  integrity sha512-eZrWzy0xFAhki1CWRGnhsHVz7IlSKX6yT2tj2Eg8lhAwlRE5E96Hsb0M1mPSE1dHGpt1QVwwVivXIAacF/G6mw==

esbuild-netbsd-64@0.14.47:
  version "0.14.47"
  resolved "https://registry.npmmirror.com/esbuild-netbsd-64/-/esbuild-netbsd-64-0.14.47.tgz#6388e785d7e7e4420cb01348d7483ab511b16aa8"
  integrity sha512-Qjdjr+KQQVH5Q2Q1r6HBYswFTToPpss3gqCiSw2Fpq/ua8+eXSQyAMG+UvULPqXceOwpnPo4smyZyHdlkcPppQ==

esbuild-openbsd-64@0.14.47:
  version "0.14.47"
  resolved "https://registry.npmmirror.com/esbuild-openbsd-64/-/esbuild-openbsd-64-0.14.47.tgz#309af806db561aa886c445344d1aacab850dbdc5"
  integrity sha512-QpgN8ofL7B9z8g5zZqJE+eFvD1LehRlxr25PBkjyyasakm4599iroUpaj96rdqRlO2ShuyqwJdr+oNqWwTUmQw==

esbuild-sunos-64@0.14.47:
  version "0.14.47"
  resolved "https://registry.npmmirror.com/esbuild-sunos-64/-/esbuild-sunos-64-0.14.47.tgz#3f19612dcdb89ba6c65283a7ff6e16f8afbf8aaa"
  integrity sha512-uOeSgLUwukLioAJOiGYm3kNl+1wJjgJA8R671GYgcPgCx7QR73zfvYqXFFcIO93/nBdIbt5hd8RItqbbf3HtAQ==

esbuild-windows-32@0.14.47:
  version "0.14.47"
  resolved "https://registry.npmmirror.com/esbuild-windows-32/-/esbuild-windows-32-0.14.47.tgz#a92d279c8458d5dc319abcfeb30aa49e8f2e6f7f"
  integrity sha512-H0fWsLTp2WBfKLBgwYT4OTfFly4Im/8B5f3ojDv1Kx//kiubVY0IQunP2Koc/fr/0wI7hj3IiBDbSrmKlrNgLQ==

esbuild-windows-64@0.14.47:
  version "0.14.47"
  resolved "https://registry.npmmirror.com/esbuild-windows-64/-/esbuild-windows-64-0.14.47.tgz#2564c3fcf0c23d701edb71af8c52d3be4cec5f8a"
  integrity sha512-/Pk5jIEH34T68r8PweKRi77W49KwanZ8X6lr3vDAtOlH5EumPE4pBHqkCUdELanvsT14yMXLQ/C/8XPi1pAtkQ==

esbuild-windows-arm64@0.14.47:
  version "0.14.47"
  resolved "https://registry.npmmirror.com/esbuild-windows-arm64/-/esbuild-windows-arm64-0.14.47.tgz#86d9db1a22d83360f726ac5fba41c2f625db6878"
  integrity sha512-HFSW2lnp62fl86/qPQlqw6asIwCnEsEoNIL1h2uVMgakddf+vUuMcCbtUY1i8sst7KkgHrVKCJQB33YhhOweCQ==

esbuild@0.14.47:
  version "0.14.47"
  resolved "https://registry.npmmirror.com/esbuild/-/esbuild-0.14.47.tgz#0d6415f6bd8eb9e73a58f7f9ae04c5276cda0e4d"
  integrity sha512-wI4ZiIfFxpkuxB8ju4MHrGwGLyp1+awEHAHVpx6w7a+1pmYIq8T9FGEVVwFo0iFierDoMj++Xq69GXWYn2EiwA==
  optionalDependencies:
    esbuild-android-64 "0.14.47"
    esbuild-android-arm64 "0.14.47"
    esbuild-darwin-64 "0.14.47"
    esbuild-darwin-arm64 "0.14.47"
    esbuild-freebsd-64 "0.14.47"
    esbuild-freebsd-arm64 "0.14.47"
    esbuild-linux-32 "0.14.47"
    esbuild-linux-64 "0.14.47"
    esbuild-linux-arm "0.14.47"
    esbuild-linux-arm64 "0.14.47"
    esbuild-linux-mips64le "0.14.47"
    esbuild-linux-ppc64le "0.14.47"
    esbuild-linux-riscv64 "0.14.47"
    esbuild-linux-s390x "0.14.47"
    esbuild-netbsd-64 "0.14.47"
    esbuild-openbsd-64 "0.14.47"
    esbuild-sunos-64 "0.14.47"
    esbuild-windows-32 "0.14.47"
    esbuild-windows-64 "0.14.47"
    esbuild-windows-arm64 "0.14.47"

moment@2.29.3:
  version "2.29.3"
  resolved "https://registry.npmmirror.com/moment/-/moment-2.29.3.tgz#edd47411c322413999f7a5940d526de183c031f3"
  integrity sha512-c6YRvhEo//6T2Jz/vVtYzqBzwvPT95JBQ+smCytzf7c50oMZRsR/a4w88aD34I+/QVSfnoAnSBFPJHItlOMJVw==

obsidian@latest:
  version "0.15.2"
  resolved "https://registry.npmmirror.com/obsidian/-/obsidian-0.15.2.tgz#7216701d6688a1f78358d4cfca4ffb634487f25d"
  integrity sha512-vN+MNwNmyXxyrIrQnc1tDquZYf1Z15Jl63pIBvHRMIDY8jIG4bSQxBVJSqH1vruKcqRd6TPnhpicrfj7yDKYGQ==
  dependencies:
    "@types/codemirror" "0.0.108"
    moment "2.29.3"

prettier@^2.7.1:
  version "2.7.1"
  resolved "https://registry.npmmirror.com/prettier/-/prettier-2.7.1.tgz#e235806850d057f97bb08368a4f7d899f7760c64"
  integrity sha512-ujppO+MkdPqoVINuDFDRLClm7D78qbDt0/NR+wp5FqEZOoTNAjPHWj17QRhu7geIHJfcNhRk1XVQmF8Bp3ye+g==

tslib@2.4.0:
  version "2.4.0"
  resolved "https://registry.npmmirror.com/tslib/-/tslib-2.4.0.tgz#7cecaa7f073ce680a05847aa77be941098f36dc3"
  integrity sha512-d6xOpEDfsi2CZVlPQzGeux8XMwLT9hssAsaPYExaQMuYskwb+x1x7J371tWlbBdWHroy99KnVB6qIkUbs5X3UQ==

typescript@4.7.4:
  version "4.7.4"
  resolved "https://registry.npmmirror.com/typescript/-/typescript-4.7.4.tgz#1a88596d1cf47d59507a1bcdfb5b9dfe4d488235"
  integrity sha512-C0WQT0gezHuw6AdY1M2jxUO83Rjf0HP7Sk1DtXj6j1EwkQNZrHAg2XPWlq62oqEhYvONq5pkC2Y9oPljWToLmQ==
